// !$*UTF8*$!
{
	archiveVersion = 1;
	classes = {
	};
	objectVersion = 46;
	objects = {

/* Begin PBXBuildFile section */
		EF0570E81C791CDC00B1D105 /* Local.xcconfig in Resources */ = {isa = PBXBuildFile; fileRef = EF0570CB1C791CDC00B1D105 /* Local.xcconfig */; };
		EF0570EA1C791CDC00B1D105 /* LocalConfig.plist in Resources */ = {isa = PBXBuildFile; fileRef = EF0570CE1C791CDC00B1D105 /* LocalConfig.plist */; };
		EF0570EB1C791CDC00B1D105 /* ProductionConfig.plist in Resources */ = {isa = PBXBuildFile; fileRef = EF0570CF1C791CDC00B1D105 /* ProductionConfig.plist */; };
		EF0570EC1C791CDC00B1D105 /* ReleaseConfig.plist in Resources */ = {isa = PBXBuildFile; fileRef = EF0570D01C791CDC00B1D105 /* ReleaseConfig.plist */; };
		EF0570ED1C791CDC00B1D105 /* StagingConfig.plist in Resources */ = {isa = PBXBuildFile; fileRef = EF0570D11C791CDC00B1D105 /* StagingConfig.plist */; };
		EF0570EE1C791CDC00B1D105 /* Production.xcconfig in Resources */ = {isa = PBXBuildFile; fileRef = EF0570D21C791CDC00B1D105 /* Production.xcconfig */; };
		EF0570EF1C791CDC00B1D105 /* Release.xcconfig in Resources */ = {isa = PBXBuildFile; fileRef = EF0570D31C791CDC00B1D105 /* Release.xcconfig */; };
		EF0570F01C791CDC00B1D105 /* Staging.xcconfig in Resources */ = {isa = PBXBuildFile; fileRef = EF0570D41C791CDC00B1D105 /* Staging.xcconfig */; };
		EF0570F11C791CDC00B1D105 /* Assets.xcassets in Resources */ = {isa = PBXBuildFile; fileRef = EF0570D61C791CDC00B1D105 /* Assets.xcassets */; };
		EF0570F21C791CDC00B1D105 /* LaunchScreen.storyboard in Resources */ = {isa = PBXBuildFile; fileRef = EF0570D71C791CDC00B1D105 /* LaunchScreen.storyboard */; };
		EF0570F31C791CDC00B1D105 /* AppDelegate.swift in Sources */ = {isa = PBXBuildFile; fileRef = EF0570DB1C791CDC00B1D105 /* AppDelegate.swift */; };
		EF38B0711C9B5C29005B29CD /* Fonts.swift in Sources */ = {isa = PBXBuildFile; fileRef = EF38B0701C9B5C29005B29CD /* Fonts.swift */; };
		EF38B07B1C9C68D5005B29CD /* NSDate+Extensions.swift in Sources */ = {isa = PBXBuildFile; fileRef = EF38B0751C9C68D5005B29CD /* NSDate+Extensions.swift */; };
		EF38B07C1C9C68D5005B29CD /* Number+Extensions.swift in Sources */ = {isa = PBXBuildFile; fileRef = EF38B0761C9C68D5005B29CD /* Number+Extensions.swift */; };
		EF38B07D1C9C68D5005B29CD /* String+Extensions.swift in Sources */ = {isa = PBXBuildFile; fileRef = EF38B0771C9C68D5005B29CD /* String+Extensions.swift */; };
		EF38B07E1C9C68D5005B29CD /* UILabel+Extensions.swift in Sources */ = {isa = PBXBuildFile; fileRef = EF38B0781C9C68D5005B29CD /* UILabel+Extensions.swift */; };
		EF38B07F1C9C68D5005B29CD /* UIScrollView+Extensions.swift in Sources */ = {isa = PBXBuildFile; fileRef = EF38B0791C9C68D5005B29CD /* UIScrollView+Extensions.swift */; };
		EF38B0801C9C68D5005B29CD /* UIView+Extensions.swift in Sources */ = {isa = PBXBuildFile; fileRef = EF38B07A1C9C68D5005B29CD /* UIView+Extensions.swift */; };
		EF3B0F551C9C85EA00CD5F83 /* cities.realm in Resources */ = {isa = PBXBuildFile; fileRef = EF3B0F541C9C85EA00CD5F83 /* cities.realm */; };
		EF3B0F581C9C869000CD5F83 /* AddCityViewController.swift in Sources */ = {isa = PBXBuildFile; fileRef = EF3B0F571C9C869000CD5F83 /* AddCityViewController.swift */; };
		EF4250291C92277E0076DC70 /* HomeViewController.swift in Sources */ = {isa = PBXBuildFile; fileRef = EF4250281C92277E0076DC70 /* HomeViewController.swift */; };
		EF42502B1C9228010076DC70 /* HomeView.swift in Sources */ = {isa = PBXBuildFile; fileRef = EF42502A1C9228010076DC70 /* HomeView.swift */; };
		EF42502E1C931E9D0076DC70 /* WeatherCardTableViewCell.swift in Sources */ = {isa = PBXBuildFile; fileRef = EF42502D1C931E9D0076DC70 /* WeatherCardTableViewCell.swift */; };
		EF4250321C93266D0076DC70 /* WeatherCardTableViewDataSource.swift in Sources */ = {isa = PBXBuildFile; fileRef = EF4250311C93266D0076DC70 /* WeatherCardTableViewDataSource.swift */; };
		EF4250361C9332480076DC70 /* Images.swift in Sources */ = {isa = PBXBuildFile; fileRef = EF4250351C9332480076DC70 /* Images.swift */; };
		EF42503A1C935A3F0076DC70 /* Oxygen-Bold.ttf in Resources */ = {isa = PBXBuildFile; fileRef = EF4250381C935A3F0076DC70 /* Oxygen-Bold.ttf */; };
		EF42503B1C935A3F0076DC70 /* Oxygen-Regular.ttf in Resources */ = {isa = PBXBuildFile; fileRef = EF4250391C935A3F0076DC70 /* Oxygen-Regular.ttf */; };
		EF4250481C9397480076DC70 /* MathTests.swift in Sources */ = {isa = PBXBuildFile; fileRef = EF4250471C9397480076DC70 /* MathTests.swift */; };
		EF4250531C9398750076DC70 /* Math.swift in Sources */ = {isa = PBXBuildFile; fileRef = EF4250521C9398750076DC70 /* Math.swift */; };
		EF75CFD31C9CA52400436843 /* GoogleMaps.bundle in Resources */ = {isa = PBXBuildFile; fileRef = EF75CFD21C9CA52400436843 /* GoogleMaps.bundle */; };
		EFC4A2F61C94644F00ADEDA7 /* Weather.swift in Sources */ = {isa = PBXBuildFile; fileRef = EFC4A2F51C94644F00ADEDA7 /* Weather.swift */; };
		EFC4A2F81C94648E00ADEDA7 /* WeatherTests.swift in Sources */ = {isa = PBXBuildFile; fileRef = EFC4A2F71C94648E00ADEDA7 /* WeatherTests.swift */; };
		EFC4A3051C94889200ADEDA7 /* WeatherDetailsViewController.swift in Sources */ = {isa = PBXBuildFile; fileRef = EFC4A3041C94889200ADEDA7 /* WeatherDetailsViewController.swift */; };
		EFC4A3081C94893B00ADEDA7 /* WeatherDetailsView.swift in Sources */ = {isa = PBXBuildFile; fileRef = EFC4A3071C94893B00ADEDA7 /* WeatherDetailsView.swift */; };
		EFC4A30B1C94AE9400ADEDA7 /* WeatherDetailsHeaderView.swift in Sources */ = {isa = PBXBuildFile; fileRef = EFC4A30A1C94AE9400ADEDA7 /* WeatherDetailsHeaderView.swift */; };
		EFC4A30D1C94D56300ADEDA7 /* TodayForecastDataSource.swift in Sources */ = {isa = PBXBuildFile; fileRef = EFC4A30C1C94D56300ADEDA7 /* TodayForecastDataSource.swift */; };
		EFC4A3101C94DD0E00ADEDA7 /* TodayForecastCollectionViewCell.swift in Sources */ = {isa = PBXBuildFile; fileRef = EFC4A30F1C94DD0E00ADEDA7 /* TodayForecastCollectionViewCell.swift */; };
		EFC4A3141C94EAC800ADEDA7 /* Colors.swift in Sources */ = {isa = PBXBuildFile; fileRef = EFC4A3131C94EAC800ADEDA7 /* Colors.swift */; };
		EFC4A3161C95BD1800ADEDA7 /* DailyOverviewTableViewCell.swift in Sources */ = {isa = PBXBuildFile; fileRef = EFC4A3151C95BD1800ADEDA7 /* DailyOverviewTableViewCell.swift */; };
		EFC4A3181C95BE7800ADEDA7 /* DailyOverviewDataSource.swift in Sources */ = {isa = PBXBuildFile; fileRef = EFC4A3171C95BE7800ADEDA7 /* DailyOverviewDataSource.swift */; };
		EFFAD7361C9CB32D002F9399 /* BaseCollectionViewCell.swift in Sources */ = {isa = PBXBuildFile; fileRef = EFFAD7261C9CB32D002F9399 /* BaseCollectionViewCell.swift */; };
		EFFAD7371C9CB32D002F9399 /* BaseTableViewCell.swift in Sources */ = {isa = PBXBuildFile; fileRef = EFFAD7271C9CB32D002F9399 /* BaseTableViewCell.swift */; };
		EFFAD7381C9CB32D002F9399 /* BaseVC.swift in Sources */ = {isa = PBXBuildFile; fileRef = EFFAD7281C9CB32D002F9399 /* BaseVC.swift */; };
		EFFAD7391C9CB32D002F9399 /* BaseView.swift in Sources */ = {isa = PBXBuildFile; fileRef = EFFAD7291C9CB32D002F9399 /* BaseView.swift */; };
		EFFAD73A1C9CB32D002F9399 /* Configuration.swift in Sources */ = {isa = PBXBuildFile; fileRef = EFFAD72B1C9CB32D002F9399 /* Configuration.swift */; };
		EFFAD73B1C9CB32D002F9399 /* DiskConfiguration.swift in Sources */ = {isa = PBXBuildFile; fileRef = EFFAD72C1C9CB32D002F9399 /* DiskConfiguration.swift */; };
		EFFAD73C1C9CB32D002F9399 /* City.swift in Sources */ = {isa = PBXBuildFile; fileRef = EFFAD72E1C9CB32D002F9399 /* City.swift */; };
		EFFAD73F1C9CB32D002F9399 /* AnimatedTurbineView.swift in Sources */ = {isa = PBXBuildFile; fileRef = EFFAD7341C9CB32D002F9399 /* AnimatedTurbineView.swift */; };
		EFFAD7401C9CB32D002F9399 /* WindDirectionView.swift in Sources */ = {isa = PBXBuildFile; fileRef = EFFAD7351C9CB32D002F9399 /* WindDirectionView.swift */; };
		EFFAD7461C9CB34E002F9399 /* WeatherPageDatasource.swift in Sources */ = {isa = PBXBuildFile; fileRef = EFFAD7441C9CB34E002F9399 /* WeatherPageDatasource.swift */; };
		EFFAD7471C9CB34E002F9399 /* WeatherPageViewController.swift in Sources */ = {isa = PBXBuildFile; fileRef = EFFAD7451C9CB34E002F9399 /* WeatherPageViewController.swift */; };
/* End PBXBuildFile section */

/* Begin PBXContainerItemProxy section */
		EF42504A1C9397480076DC70 /* PBXContainerItemProxy */ = {
			isa = PBXContainerItemProxy;
			containerPortal = EF73FDAF1C62A2540075D168 /* Project object */;
			proxyType = 1;
			remoteGlobalIDString = EF73FDB61C62A2540075D168;
			remoteInfo = "Weather Alert";
		};
		EF75CFCC1C9CA1BF00436843 /* PBXContainerItemProxy */ = {
			isa = PBXContainerItemProxy;
			containerPortal = EF75CFC81C9CA1BF00436843 /* Pods.xcodeproj */;
			proxyType = 2;
			remoteGlobalIDString = BEC78DCC77A9A99487CE34B6;
			remoteInfo = "Pods-Weather Alert";
		};
		EF75CFCE1C9CA25300436843 /* PBXContainerItemProxy */ = {
			isa = PBXContainerItemProxy;
			containerPortal = EF75CFC81C9CA1BF00436843 /* Pods.xcodeproj */;
			proxyType = 1;
			remoteGlobalIDString = 69FCDDBBAB579FA824FFD3D2;
			remoteInfo = "Pods-Weather Alert";
		};
/* End PBXContainerItemProxy section */

/* Begin PBXFileReference section */
		EF0570CB1C791CDC00B1D105 /* Local.xcconfig */ = {isa = PBXFileReference; fileEncoding = 4; lastKnownFileType = text.xcconfig; path = Local.xcconfig; sourceTree = "<group>"; };
		EF0570CD1C791CDC00B1D105 /* Info.plist */ = {isa = PBXFileReference; fileEncoding = 4; lastKnownFileType = text.plist.xml; path = Info.plist; sourceTree = "<group>"; };
		EF0570CE1C791CDC00B1D105 /* LocalConfig.plist */ = {isa = PBXFileReference; fileEncoding = 4; lastKnownFileType = text.plist.xml; path = LocalConfig.plist; sourceTree = "<group>"; };
		EF0570CF1C791CDC00B1D105 /* ProductionConfig.plist */ = {isa = PBXFileReference; fileEncoding = 4; lastKnownFileType = text.plist.xml; path = ProductionConfig.plist; sourceTree = "<group>"; };
		EF0570D01C791CDC00B1D105 /* ReleaseConfig.plist */ = {isa = PBXFileReference; fileEncoding = 4; lastKnownFileType = text.plist.xml; path = ReleaseConfig.plist; sourceTree = "<group>"; };
		EF0570D11C791CDC00B1D105 /* StagingConfig.plist */ = {isa = PBXFileReference; fileEncoding = 4; lastKnownFileType = text.plist.xml; path = StagingConfig.plist; sourceTree = "<group>"; };
		EF0570D21C791CDC00B1D105 /* Production.xcconfig */ = {isa = PBXFileReference; fileEncoding = 4; lastKnownFileType = text.xcconfig; path = Production.xcconfig; sourceTree = "<group>"; };
		EF0570D31C791CDC00B1D105 /* Release.xcconfig */ = {isa = PBXFileReference; fileEncoding = 4; lastKnownFileType = text.xcconfig; path = Release.xcconfig; sourceTree = "<group>"; };
		EF0570D41C791CDC00B1D105 /* Staging.xcconfig */ = {isa = PBXFileReference; fileEncoding = 4; lastKnownFileType = text.xcconfig; path = Staging.xcconfig; sourceTree = "<group>"; };
		EF0570D61C791CDC00B1D105 /* Assets.xcassets */ = {isa = PBXFileReference; lastKnownFileType = folder.assetcatalog; path = Assets.xcassets; sourceTree = "<group>"; };
		EF0570D81C791CDC00B1D105 /* Base */ = {isa = PBXFileReference; lastKnownFileType = file.storyboard; name = Base; path = Base.lproj/LaunchScreen.storyboard; sourceTree = "<group>"; };
		EF0570DB1C791CDC00B1D105 /* AppDelegate.swift */ = {isa = PBXFileReference; fileEncoding = 4; lastKnownFileType = sourcecode.swift; path = AppDelegate.swift; sourceTree = "<group>"; };
		EF38B0701C9B5C29005B29CD /* Fonts.swift */ = {isa = PBXFileReference; fileEncoding = 4; lastKnownFileType = sourcecode.swift; path = Fonts.swift; sourceTree = "<group>"; };
		EF38B0751C9C68D5005B29CD /* NSDate+Extensions.swift */ = {isa = PBXFileReference; fileEncoding = 4; lastKnownFileType = sourcecode.swift; path = "NSDate+Extensions.swift"; sourceTree = "<group>"; };
		EF38B0761C9C68D5005B29CD /* Number+Extensions.swift */ = {isa = PBXFileReference; fileEncoding = 4; lastKnownFileType = sourcecode.swift; path = "Number+Extensions.swift"; sourceTree = "<group>"; };
		EF38B0771C9C68D5005B29CD /* String+Extensions.swift */ = {isa = PBXFileReference; fileEncoding = 4; lastKnownFileType = sourcecode.swift; path = "String+Extensions.swift"; sourceTree = "<group>"; };
		EF38B0781C9C68D5005B29CD /* UILabel+Extensions.swift */ = {isa = PBXFileReference; fileEncoding = 4; lastKnownFileType = sourcecode.swift; path = "UILabel+Extensions.swift"; sourceTree = "<group>"; };
		EF38B0791C9C68D5005B29CD /* UIScrollView+Extensions.swift */ = {isa = PBXFileReference; fileEncoding = 4; lastKnownFileType = sourcecode.swift; path = "UIScrollView+Extensions.swift"; sourceTree = "<group>"; };
		EF38B07A1C9C68D5005B29CD /* UIView+Extensions.swift */ = {isa = PBXFileReference; fileEncoding = 4; lastKnownFileType = sourcecode.swift; path = "UIView+Extensions.swift"; sourceTree = "<group>"; };
		EF3B0F541C9C85EA00CD5F83 /* cities.realm */ = {isa = PBXFileReference; lastKnownFileType = file; path = cities.realm; sourceTree = "<group>"; };
		EF3B0F571C9C869000CD5F83 /* AddCityViewController.swift */ = {isa = PBXFileReference; fileEncoding = 4; lastKnownFileType = sourcecode.swift; path = AddCityViewController.swift; sourceTree = "<group>"; };
		EF4250281C92277E0076DC70 /* HomeViewController.swift */ = {isa = PBXFileReference; fileEncoding = 4; lastKnownFileType = sourcecode.swift; path = HomeViewController.swift; sourceTree = "<group>"; };
		EF42502A1C9228010076DC70 /* HomeView.swift */ = {isa = PBXFileReference; fileEncoding = 4; lastKnownFileType = sourcecode.swift; path = HomeView.swift; sourceTree = "<group>"; };
		EF42502D1C931E9D0076DC70 /* WeatherCardTableViewCell.swift */ = {isa = PBXFileReference; fileEncoding = 4; lastKnownFileType = sourcecode.swift; path = WeatherCardTableViewCell.swift; sourceTree = "<group>"; };
		EF4250311C93266D0076DC70 /* WeatherCardTableViewDataSource.swift */ = {isa = PBXFileReference; fileEncoding = 4; lastKnownFileType = sourcecode.swift; path = WeatherCardTableViewDataSource.swift; sourceTree = "<group>"; };
		EF4250351C9332480076DC70 /* Images.swift */ = {isa = PBXFileReference; fileEncoding = 4; lastKnownFileType = sourcecode.swift; path = Images.swift; sourceTree = "<group>"; };
		EF4250381C935A3F0076DC70 /* Oxygen-Bold.ttf */ = {isa = PBXFileReference; lastKnownFileType = file; path = "Oxygen-Bold.ttf"; sourceTree = "<group>"; };
		EF4250391C935A3F0076DC70 /* Oxygen-Regular.ttf */ = {isa = PBXFileReference; lastKnownFileType = file; path = "Oxygen-Regular.ttf"; sourceTree = "<group>"; };
		EF4250451C9397480076DC70 /* Weather Alert Tests.xctest */ = {isa = PBXFileReference; explicitFileType = wrapper.cfbundle; includeInIndex = 0; path = "Weather Alert Tests.xctest"; sourceTree = BUILT_PRODUCTS_DIR; };
		EF4250471C9397480076DC70 /* MathTests.swift */ = {isa = PBXFileReference; lastKnownFileType = sourcecode.swift; path = MathTests.swift; sourceTree = "<group>"; };
		EF4250491C9397480076DC70 /* Info.plist */ = {isa = PBXFileReference; lastKnownFileType = text.plist.xml; path = Info.plist; sourceTree = "<group>"; };
		EF4250521C9398750076DC70 /* Math.swift */ = {isa = PBXFileReference; fileEncoding = 4; lastKnownFileType = sourcecode.swift; path = Math.swift; sourceTree = "<group>"; };
		EF73FDB71C62A2540075D168 /* Weather Alert.app */ = {isa = PBXFileReference; explicitFileType = wrapper.application; includeInIndex = 0; path = "Weather Alert.app"; sourceTree = BUILT_PRODUCTS_DIR; };
		EF75CFC81C9CA1BF00436843 /* Pods.xcodeproj */ = {isa = PBXFileReference; lastKnownFileType = "wrapper.pb-project"; name = Pods.xcodeproj; path = Pods/Pods.xcodeproj; sourceTree = "<group>"; };
		EF75CFD01C9CA4FF00436843 /* GoogleMaps.framework */ = {isa = PBXFileReference; lastKnownFileType = wrapper.framework; name = GoogleMaps.framework; path = Pods/GoogleMaps/Frameworks/GoogleMaps.framework; sourceTree = "<group>"; };
		EF75CFD21C9CA52400436843 /* GoogleMaps.bundle */ = {isa = PBXFileReference; lastKnownFileType = "wrapper.plug-in"; name = GoogleMaps.bundle; path = Pods/GoogleMaps/Frameworks/GoogleMaps.framework/Versions/A/Resources/GoogleMaps.bundle; sourceTree = "<group>"; };
		EFC4A2F51C94644F00ADEDA7 /* Weather.swift */ = {isa = PBXFileReference; fileEncoding = 4; lastKnownFileType = sourcecode.swift; path = Weather.swift; sourceTree = "<group>"; };
		EFC4A2F71C94648E00ADEDA7 /* WeatherTests.swift */ = {isa = PBXFileReference; fileEncoding = 4; lastKnownFileType = sourcecode.swift; path = WeatherTests.swift; sourceTree = "<group>"; };
		EFC4A3041C94889200ADEDA7 /* WeatherDetailsViewController.swift */ = {isa = PBXFileReference; fileEncoding = 4; lastKnownFileType = sourcecode.swift; path = WeatherDetailsViewController.swift; sourceTree = "<group>"; };
		EFC4A3071C94893B00ADEDA7 /* WeatherDetailsView.swift */ = {isa = PBXFileReference; fileEncoding = 4; lastKnownFileType = sourcecode.swift; path = WeatherDetailsView.swift; sourceTree = "<group>"; };
		EFC4A30A1C94AE9400ADEDA7 /* WeatherDetailsHeaderView.swift */ = {isa = PBXFileReference; fileEncoding = 4; lastKnownFileType = sourcecode.swift; path = WeatherDetailsHeaderView.swift; sourceTree = "<group>"; };
		EFC4A30C1C94D56300ADEDA7 /* TodayForecastDataSource.swift */ = {isa = PBXFileReference; fileEncoding = 4; lastKnownFileType = sourcecode.swift; path = TodayForecastDataSource.swift; sourceTree = "<group>"; };
		EFC4A30F1C94DD0E00ADEDA7 /* TodayForecastCollectionViewCell.swift */ = {isa = PBXFileReference; fileEncoding = 4; lastKnownFileType = sourcecode.swift; path = TodayForecastCollectionViewCell.swift; sourceTree = "<group>"; };
		EFC4A3131C94EAC800ADEDA7 /* Colors.swift */ = {isa = PBXFileReference; fileEncoding = 4; lastKnownFileType = sourcecode.swift; path = Colors.swift; sourceTree = "<group>"; };
		EFC4A3151C95BD1800ADEDA7 /* DailyOverviewTableViewCell.swift */ = {isa = PBXFileReference; fileEncoding = 4; lastKnownFileType = sourcecode.swift; path = DailyOverviewTableViewCell.swift; sourceTree = "<group>"; };
		EFC4A3171C95BE7800ADEDA7 /* DailyOverviewDataSource.swift */ = {isa = PBXFileReference; fileEncoding = 4; lastKnownFileType = sourcecode.swift; path = DailyOverviewDataSource.swift; sourceTree = "<group>"; };
		EFFAD7261C9CB32D002F9399 /* BaseCollectionViewCell.swift */ = {isa = PBXFileReference; fileEncoding = 4; lastKnownFileType = sourcecode.swift; path = BaseCollectionViewCell.swift; sourceTree = "<group>"; };
		EFFAD7271C9CB32D002F9399 /* BaseTableViewCell.swift */ = {isa = PBXFileReference; fileEncoding = 4; lastKnownFileType = sourcecode.swift; path = BaseTableViewCell.swift; sourceTree = "<group>"; };
		EFFAD7281C9CB32D002F9399 /* BaseVC.swift */ = {isa = PBXFileReference; fileEncoding = 4; lastKnownFileType = sourcecode.swift; path = BaseVC.swift; sourceTree = "<group>"; };
		EFFAD7291C9CB32D002F9399 /* BaseView.swift */ = {isa = PBXFileReference; fileEncoding = 4; lastKnownFileType = sourcecode.swift; path = BaseView.swift; sourceTree = "<group>"; };
		EFFAD72B1C9CB32D002F9399 /* Configuration.swift */ = {isa = PBXFileReference; fileEncoding = 4; lastKnownFileType = sourcecode.swift; path = Configuration.swift; sourceTree = "<group>"; };
		EFFAD72C1C9CB32D002F9399 /* DiskConfiguration.swift */ = {isa = PBXFileReference; fileEncoding = 4; lastKnownFileType = sourcecode.swift; path = DiskConfiguration.swift; sourceTree = "<group>"; };
		EFFAD72E1C9CB32D002F9399 /* City.swift */ = {isa = PBXFileReference; fileEncoding = 4; lastKnownFileType = sourcecode.swift; path = City.swift; sourceTree = "<group>"; };
		EFFAD7341C9CB32D002F9399 /* AnimatedTurbineView.swift */ = {isa = PBXFileReference; fileEncoding = 4; lastKnownFileType = sourcecode.swift; path = AnimatedTurbineView.swift; sourceTree = "<group>"; };
		EFFAD7351C9CB32D002F9399 /* WindDirectionView.swift */ = {isa = PBXFileReference; fileEncoding = 4; lastKnownFileType = sourcecode.swift; path = WindDirectionView.swift; sourceTree = "<group>"; };
		EFFAD7441C9CB34E002F9399 /* WeatherPageDatasource.swift */ = {isa = PBXFileReference; fileEncoding = 4; lastKnownFileType = sourcecode.swift; path = WeatherPageDatasource.swift; sourceTree = "<group>"; };
		EFFAD7451C9CB34E002F9399 /* WeatherPageViewController.swift */ = {isa = PBXFileReference; fileEncoding = 4; lastKnownFileType = sourcecode.swift; path = WeatherPageViewController.swift; sourceTree = "<group>"; };
/* End PBXFileReference section */

/* Begin PBXFrameworksBuildPhase section */
		EF4250421C9397480076DC70 /* Frameworks */ = {
			isa = PBXFrameworksBuildPhase;
			buildActionMask = 2147483647;
			files = (
			);
			runOnlyForDeploymentPostprocessing = 0;
		};
		EF73FDB41C62A2540075D168 /* Frameworks */ = {
			isa = PBXFrameworksBuildPhase;
			buildActionMask = 2147483647;
			files = (
			);
			runOnlyForDeploymentPostprocessing = 0;
		};
/* End PBXFrameworksBuildPhase section */

/* Begin PBXGroup section */
		A6D667F70248952E7DF87DA4 /* Frameworks */ = {
			isa = PBXGroup;
			children = (
				EF75CFD21C9CA52400436843 /* GoogleMaps.bundle */,
				EF75CFD01C9CA4FF00436843 /* GoogleMaps.framework */,
			);
			name = Frameworks;
			sourceTree = "<group>";
		};
		EF0570C91C791CDC00B1D105 /* Weather Alert */ = {
			isa = PBXGroup;
			children = (
				EF0570CA1C791CDC00B1D105 /* Configuration */,
				EF0570D51C791CDC00B1D105 /* Resources */,
				EF0570D91C791CDC00B1D105 /* Source */,
			);
			path = "Weather Alert";
			sourceTree = "<group>";
		};
		EF0570CA1C791CDC00B1D105 /* Configuration */ = {
			isa = PBXGroup;
			children = (
				EF0570CC1C791CDC00B1D105 /* Plist */,
				EF0570CB1C791CDC00B1D105 /* Local.xcconfig */,
				EF0570D21C791CDC00B1D105 /* Production.xcconfig */,
				EF0570D31C791CDC00B1D105 /* Release.xcconfig */,
				EF0570D41C791CDC00B1D105 /* Staging.xcconfig */,
			);
			path = Configuration;
			sourceTree = "<group>";
		};
		EF0570CC1C791CDC00B1D105 /* Plist */ = {
			isa = PBXGroup;
			children = (
				EF0570CD1C791CDC00B1D105 /* Info.plist */,
				EF0570CE1C791CDC00B1D105 /* LocalConfig.plist */,
				EF0570CF1C791CDC00B1D105 /* ProductionConfig.plist */,
				EF0570D01C791CDC00B1D105 /* ReleaseConfig.plist */,
				EF0570D11C791CDC00B1D105 /* StagingConfig.plist */,
			);
			path = Plist;
			sourceTree = "<group>";
		};
		EF0570D51C791CDC00B1D105 /* Resources */ = {
			isa = PBXGroup;
			children = (
				EF4250341C9332420076DC70 /* Constants */,
				EF3B0F531C9C85D800CD5F83 /* Data */,
				EF4250371C935A3F0076DC70 /* Fonts */,
				EF0570D61C791CDC00B1D105 /* Assets.xcassets */,
				EF0570D71C791CDC00B1D105 /* LaunchScreen.storyboard */,
			);
			path = Resources;
			sourceTree = "<group>";
		};
		EF0570D91C791CDC00B1D105 /* Source */ = {
			isa = PBXGroup;
			children = (
				EF0570DA1C791CDC00B1D105 /* Core */,
				EF3B0F561C9C867B00CD5F83 /* Add City */,
				EF4250241C921C1E0076DC70 /* Home */,
				EFC4A3021C9487BF00ADEDA7 /* Weather Details */,
			);
			path = Source;
			sourceTree = "<group>";
		};
		EF0570DA1C791CDC00B1D105 /* Core */ = {
			isa = PBXGroup;
			children = (
				EF0570DB1C791CDC00B1D105 /* AppDelegate.swift */,
				EFFAD7241C9CB32D002F9399 /* Components */,
				EF4250511C9398620076DC70 /* Utilities */,
			);
			path = Core;
			sourceTree = "<group>";
		};
		EF38B0741C9C68D5005B29CD /* Extensions */ = {
			isa = PBXGroup;
			children = (
				EF38B0751C9C68D5005B29CD /* NSDate+Extensions.swift */,
				EF38B0761C9C68D5005B29CD /* Number+Extensions.swift */,
				EF38B0771C9C68D5005B29CD /* String+Extensions.swift */,
				EF38B0781C9C68D5005B29CD /* UILabel+Extensions.swift */,
				EF38B0791C9C68D5005B29CD /* UIScrollView+Extensions.swift */,
				EF38B07A1C9C68D5005B29CD /* UIView+Extensions.swift */,
			);
			path = Extensions;
			sourceTree = "<group>";
		};
		EF3B0F531C9C85D800CD5F83 /* Data */ = {
			isa = PBXGroup;
			children = (
				EF3B0F541C9C85EA00CD5F83 /* cities.realm */,
			);
			path = Data;
			sourceTree = "<group>";
		};
		EF3B0F561C9C867B00CD5F83 /* Add City */ = {
			isa = PBXGroup;
			children = (
				EF3B0F571C9C869000CD5F83 /* AddCityViewController.swift */,
			);
			path = "Add City";
			sourceTree = "<group>";
		};
		EF4250241C921C1E0076DC70 /* Home */ = {
			isa = PBXGroup;
			children = (
				EF4250251C9227280076DC70 /* Models */,
				EF4250271C9227280076DC70 /* Views */,
				EF4250281C92277E0076DC70 /* HomeViewController.swift */,
			);
			path = Home;
			sourceTree = "<group>";
		};
		EF4250251C9227280076DC70 /* Models */ = {
			isa = PBXGroup;
			children = (
				EF4250311C93266D0076DC70 /* WeatherCardTableViewDataSource.swift */,
			);
			path = Models;
			sourceTree = "<group>";
		};
		EF4250271C9227280076DC70 /* Views */ = {
			isa = PBXGroup;
			children = (
				EF42502C1C931E680076DC70 /* Cells */,
				EF42502A1C9228010076DC70 /* HomeView.swift */,
			);
			path = Views;
			sourceTree = "<group>";
		};
		EF42502C1C931E680076DC70 /* Cells */ = {
			isa = PBXGroup;
			children = (
				EF42502D1C931E9D0076DC70 /* WeatherCardTableViewCell.swift */,
			);
			path = Cells;
			sourceTree = "<group>";
		};
		EF4250341C9332420076DC70 /* Constants */ = {
			isa = PBXGroup;
			children = (
				EF4250351C9332480076DC70 /* Images.swift */,
				EFC4A3131C94EAC800ADEDA7 /* Colors.swift */,
				EF38B0701C9B5C29005B29CD /* Fonts.swift */,
			);
			path = Constants;
			sourceTree = "<group>";
		};
		EF4250371C935A3F0076DC70 /* Fonts */ = {
			isa = PBXGroup;
			children = (
				EF4250381C935A3F0076DC70 /* Oxygen-Bold.ttf */,
				EF4250391C935A3F0076DC70 /* Oxygen-Regular.ttf */,
			);
			path = Fonts;
			sourceTree = "<group>";
		};
		EF4250461C9397480076DC70 /* Weather Alert Tests */ = {
			isa = PBXGroup;
			children = (
				EF4250491C9397480076DC70 /* Info.plist */,
				EF4250471C9397480076DC70 /* MathTests.swift */,
				EFC4A2F71C94648E00ADEDA7 /* WeatherTests.swift */,
			);
			path = "Weather Alert Tests";
			sourceTree = "<group>";
		};
		EF4250511C9398620076DC70 /* Utilities */ = {
			isa = PBXGroup;
			children = (
				EF38B0741C9C68D5005B29CD /* Extensions */,
				EF4250521C9398750076DC70 /* Math.swift */,
				EFC4A2F51C94644F00ADEDA7 /* Weather.swift */,
			);
			path = Utilities;
			sourceTree = "<group>";
		};
		EF73FDAE1C62A2540075D168 = {
			isa = PBXGroup;
			children = (
				EF75CFC81C9CA1BF00436843 /* Pods.xcodeproj */,
				EF0570C91C791CDC00B1D105 /* Weather Alert */,
				EF4250461C9397480076DC70 /* Weather Alert Tests */,
				EF73FDB81C62A2540075D168 /* Products */,
				A6D667F70248952E7DF87DA4 /* Frameworks */,
			);
			sourceTree = "<group>";
		};
		EF73FDB81C62A2540075D168 /* Products */ = {
			isa = PBXGroup;
			children = (
				EF73FDB71C62A2540075D168 /* Weather Alert.app */,
				EF4250451C9397480076DC70 /* Weather Alert Tests.xctest */,
			);
			name = Products;
			sourceTree = "<group>";
		};
		EF75CFC91C9CA1BF00436843 /* Products */ = {
			isa = PBXGroup;
			children = (
				EF75CFCD1C9CA1BF00436843 /* libPods-Weather Alert.a */,
			);
			name = Products;
			sourceTree = "<group>";
		};
		EFC4A3021C9487BF00ADEDA7 /* Weather Details */ = {
			isa = PBXGroup;
			children = (
				EFC4A3031C94888700ADEDA7 /* Models */,
				EFC4A3061C94890C00ADEDA7 /* Views */,
				EFC4A3041C94889200ADEDA7 /* WeatherDetailsViewController.swift */,
			);
			path = "Weather Details";
			sourceTree = "<group>";
		};
		EFC4A3031C94888700ADEDA7 /* Models */ = {
			isa = PBXGroup;
			children = (
				EFC4A30C1C94D56300ADEDA7 /* TodayForecastDataSource.swift */,
				EFC4A3171C95BE7800ADEDA7 /* DailyOverviewDataSource.swift */,
			);
			path = Models;
			sourceTree = "<group>";
		};
		EFC4A3061C94890C00ADEDA7 /* Views */ = {
			isa = PBXGroup;
			children = (
				EFC4A3091C94AE8A00ADEDA7 /* Header */,
				EFC4A30E1C94DCCD00ADEDA7 /* Cells */,
				EFC4A3071C94893B00ADEDA7 /* WeatherDetailsView.swift */,
			);
			path = Views;
			sourceTree = "<group>";
		};
		EFC4A3091C94AE8A00ADEDA7 /* Header */ = {
			isa = PBXGroup;
			children = (
				EFC4A30A1C94AE9400ADEDA7 /* WeatherDetailsHeaderView.swift */,
			);
			path = Header;
			sourceTree = "<group>";
		};
		EFC4A30E1C94DCCD00ADEDA7 /* Cells */ = {
			isa = PBXGroup;
			children = (
				EFC4A30F1C94DD0E00ADEDA7 /* TodayForecastCollectionViewCell.swift */,
				EFC4A3151C95BD1800ADEDA7 /* DailyOverviewTableViewCell.swift */,
			);
			path = Cells;
			sourceTree = "<group>";
		};
		EFFAD7241C9CB32D002F9399 /* Components */ = {
			isa = PBXGroup;
			children = (
				EFFAD7251C9CB32D002F9399 /* Base Classes */,
				EFFAD72A1C9CB32D002F9399 /* Configuration */,
				EFFAD72D1C9CB32D002F9399 /* Models */,
				EFFAD7331C9CB32D002F9399 /* Views */,
				EFFAD7411C9CB34E002F9399 /* Controllers */,
			);
			path = Components;
			sourceTree = "<group>";
		};
		EFFAD7251C9CB32D002F9399 /* Base Classes */ = {
			isa = PBXGroup;
			children = (
				EFFAD7261C9CB32D002F9399 /* BaseCollectionViewCell.swift */,
				EFFAD7271C9CB32D002F9399 /* BaseTableViewCell.swift */,
				EFFAD7281C9CB32D002F9399 /* BaseVC.swift */,
				EFFAD7291C9CB32D002F9399 /* BaseView.swift */,
			);
			path = "Base Classes";
			sourceTree = "<group>";
		};
		EFFAD72A1C9CB32D002F9399 /* Configuration */ = {
			isa = PBXGroup;
			children = (
				EFFAD72B1C9CB32D002F9399 /* Configuration.swift */,
				EFFAD72C1C9CB32D002F9399 /* DiskConfiguration.swift */,
			);
			path = Configuration;
			sourceTree = "<group>";
		};
		EFFAD72D1C9CB32D002F9399 /* Models */ = {
			isa = PBXGroup;
			children = (
				EFFAD72E1C9CB32D002F9399 /* City.swift */,
			);
			path = Models;
			sourceTree = "<group>";
		};
		EFFAD7331C9CB32D002F9399 /* Views */ = {
			isa = PBXGroup;
			children = (
				EFFAD7341C9CB32D002F9399 /* AnimatedTurbineView.swift */,
				EFFAD7351C9CB32D002F9399 /* WindDirectionView.swift */,
			);
			path = Views;
			sourceTree = "<group>";
		};
		EFFAD7411C9CB34E002F9399 /* Controllers */ = {
			isa = PBXGroup;
			children = (
				EFFAD7421C9CB34E002F9399 /* Paged View Controller */,
			);
			path = Controllers;
			sourceTree = "<group>";
		};
		EFFAD7421C9CB34E002F9399 /* Paged View Controller */ = {
			isa = PBXGroup;
			children = (
				EFFAD7431C9CB34E002F9399 /* Models */,
				EFFAD7451C9CB34E002F9399 /* WeatherPageViewController.swift */,
			);
			path = "Paged View Controller";
			sourceTree = "<group>";
		};
		EFFAD7431C9CB34E002F9399 /* Models */ = {
			isa = PBXGroup;
			children = (
				EFFAD7441C9CB34E002F9399 /* WeatherPageDatasource.swift */,
			);
			path = Models;
			sourceTree = "<group>";
		};
/* End PBXGroup section */

/* Begin PBXNativeTarget section */
		EF4250441C9397480076DC70 /* Weather Alert Tests */ = {
			isa = PBXNativeTarget;
			buildConfigurationList = EF42504C1C9397480076DC70 /* Build configuration list for PBXNativeTarget "Weather Alert Tests" */;
			buildPhases = (
				EF4250411C9397480076DC70 /* Sources */,
				EF4250421C9397480076DC70 /* Frameworks */,
				EF4250431C9397480076DC70 /* Resources */,
			);
			buildRules = (
			);
			dependencies = (
				EF42504B1C9397480076DC70 /* PBXTargetDependency */,
			);
			name = "Weather Alert Tests";
			productName = "Weather Alert Tests";
			productReference = EF4250451C9397480076DC70 /* Weather Alert Tests.xctest */;
			productType = "com.apple.product-type.bundle.unit-test";
		};
		EF73FDB61C62A2540075D168 /* Weather Alert */ = {
			isa = PBXNativeTarget;
			buildConfigurationList = EF73FDC91C62A2540075D168 /* Build configuration list for PBXNativeTarget "Weather Alert" */;
			buildPhases = (
				EF73FDB31C62A2540075D168 /* Sources */,
				EF73FDB41C62A2540075D168 /* Frameworks */,
				EF73FDB51C62A2540075D168 /* Resources */,
				EFFE09971C641F730053AD56 /* ShellScript */,
				EF4250331C9332200076DC70 /* ShellScript */,
			);
			buildRules = (
			);
			dependencies = (
				EF75CFCF1C9CA25300436843 /* PBXTargetDependency */,
			);
			name = "Weather Alert";
			productName = "BZ-iOS";
			productReference = EF73FDB71C62A2540075D168 /* Weather Alert.app */;
			productType = "com.apple.product-type.application";
		};
/* End PBXNativeTarget section */

/* Begin PBXProject section */
		EF73FDAF1C62A2540075D168 /* Project object */ = {
			isa = PBXProject;
			attributes = {
				LastSwiftUpdateCheck = 0720;
				LastUpgradeCheck = 0720;
				ORGANIZATIONNAME = JustJoey;
				TargetAttributes = {
					EF4250441C9397480076DC70 = {
						CreatedOnToolsVersion = 7.2;
						TestTargetID = EF73FDB61C62A2540075D168;
					};
					EF73FDB61C62A2540075D168 = {
						CreatedOnToolsVersion = 7.2;
					};
				};
			};
			buildConfigurationList = EF73FDB21C62A2540075D168 /* Build configuration list for PBXProject "Weather Alert" */;
			compatibilityVersion = "Xcode 3.2";
			developmentRegion = English;
			hasScannedForEncodings = 0;
			knownRegions = (
				en,
				Base,
			);
			mainGroup = EF73FDAE1C62A2540075D168;
			productRefGroup = EF73FDB81C62A2540075D168 /* Products */;
			projectDirPath = "";
			projectReferences = (
				{
					ProductGroup = EF75CFC91C9CA1BF00436843 /* Products */;
					ProjectRef = EF75CFC81C9CA1BF00436843 /* Pods.xcodeproj */;
				},
			);
			projectRoot = "";
			targets = (
				EF73FDB61C62A2540075D168 /* Weather Alert */,
				EF4250441C9397480076DC70 /* Weather Alert Tests */,
			);
		};
/* End PBXProject section */

/* Begin PBXReferenceProxy section */
		EF75CFCD1C9CA1BF00436843 /* libPods-Weather Alert.a */ = {
			isa = PBXReferenceProxy;
			fileType = archive.ar;
			path = "libPods-Weather Alert.a";
			remoteRef = EF75CFCC1C9CA1BF00436843 /* PBXContainerItemProxy */;
			sourceTree = BUILT_PRODUCTS_DIR;
		};
/* End PBXReferenceProxy section */

/* Begin PBXResourcesBuildPhase section */
		EF4250431C9397480076DC70 /* Resources */ = {
			isa = PBXResourcesBuildPhase;
			buildActionMask = 2147483647;
			files = (
			);
			runOnlyForDeploymentPostprocessing = 0;
		};
		EF73FDB51C62A2540075D168 /* Resources */ = {
			isa = PBXResourcesBuildPhase;
			buildActionMask = 2147483647;
			files = (
				EF75CFD31C9CA52400436843 /* GoogleMaps.bundle in Resources */,
				EF0570EF1C791CDC00B1D105 /* Release.xcconfig in Resources */,
				EF42503A1C935A3F0076DC70 /* Oxygen-Bold.ttf in Resources */,
				EF0570F01C791CDC00B1D105 /* Staging.xcconfig in Resources */,
				EF42503B1C935A3F0076DC70 /* Oxygen-Regular.ttf in Resources */,
				EF0570EA1C791CDC00B1D105 /* LocalConfig.plist in Resources */,
				EF0570EB1C791CDC00B1D105 /* ProductionConfig.plist in Resources */,
				EF0570F11C791CDC00B1D105 /* Assets.xcassets in Resources */,
				EF0570EE1C791CDC00B1D105 /* Production.xcconfig in Resources */,
				EF0570ED1C791CDC00B1D105 /* StagingConfig.plist in Resources */,
				EF0570E81C791CDC00B1D105 /* Local.xcconfig in Resources */,
				EF3B0F551C9C85EA00CD5F83 /* cities.realm in Resources */,
				EF0570F21C791CDC00B1D105 /* LaunchScreen.storyboard in Resources */,
				EF0570EC1C791CDC00B1D105 /* ReleaseConfig.plist in Resources */,
			);
			runOnlyForDeploymentPostprocessing = 0;
		};
/* End PBXResourcesBuildPhase section */

/* Begin PBXShellScriptBuildPhase section */
		EF4250331C9332200076DC70 /* ShellScript */ = {
			isa = PBXShellScriptBuildPhase;
			buildActionMask = 2147483647;
			files = (
			);
			inputPaths = (
			);
			outputPaths = (
			);
			runOnlyForDeploymentPostprocessing = 0;
			shellPath = /bin/sh;
			shellScript = "if which swiftgen >/dev/null; then\nswiftgen images \"$PROJECT_DIR/Weather Alert/Resources\" --output \"$PROJECT_DIR/Weather Alert/Resources/Constants/Images.swift\"\nelse\necho \"SwiftGen not installed, download it from https://github.com/AliSoftware/SwiftGen\"\nfi";
		};
		EFFE09971C641F730053AD56 /* ShellScript */ = {
			isa = PBXShellScriptBuildPhase;
			buildActionMask = 12;
			files = (
			);
			inputPaths = (
				"$(SRCROOT)/Carthage/Build/iOS/SnapKit.framework",
				"$(SRCROOT)/Carthage/Build/iOS/Realm.framework",
				"$(SRCROOT)/Carthage/Build/iOS/RealmSwift.framework",
			);
			outputPaths = (
			);
			runOnlyForDeploymentPostprocessing = 0;
			shellPath = /bin/sh;
			shellScript = "/usr/local/bin/carthage copy-frameworks";
		};
/* End PBXShellScriptBuildPhase section */

/* Begin PBXSourcesBuildPhase section */
		EF4250411C9397480076DC70 /* Sources */ = {
			isa = PBXSourcesBuildPhase;
			buildActionMask = 2147483647;
			files = (
				EFC4A2F81C94648E00ADEDA7 /* WeatherTests.swift in Sources */,
				EF4250481C9397480076DC70 /* MathTests.swift in Sources */,
			);
			runOnlyForDeploymentPostprocessing = 0;
		};
		EF73FDB31C62A2540075D168 /* Sources */ = {
			isa = PBXSourcesBuildPhase;
			buildActionMask = 2147483647;
			files = (
				EF42502B1C9228010076DC70 /* HomeView.swift in Sources */,
				EF38B07D1C9C68D5005B29CD /* String+Extensions.swift in Sources */,
				EF4250531C9398750076DC70 /* Math.swift in Sources */,
				EFC4A3081C94893B00ADEDA7 /* WeatherDetailsView.swift in Sources */,
				EFFAD7381C9CB32D002F9399 /* BaseVC.swift in Sources */,
				EFC4A3141C94EAC800ADEDA7 /* Colors.swift in Sources */,
				EFC4A2F61C94644F00ADEDA7 /* Weather.swift in Sources */,
				EFC4A3161C95BD1800ADEDA7 /* DailyOverviewTableViewCell.swift in Sources */,
				EF0570F31C791CDC00B1D105 /* AppDelegate.swift in Sources */,
				EFFAD73B1C9CB32D002F9399 /* DiskConfiguration.swift in Sources */,
				EFC4A3051C94889200ADEDA7 /* WeatherDetailsViewController.swift in Sources */,
				EFFAD73A1C9CB32D002F9399 /* Configuration.swift in Sources */,
				EF38B07C1C9C68D5005B29CD /* Number+Extensions.swift in Sources */,
				EFFAD7391C9CB32D002F9399 /* BaseView.swift in Sources */,
				EFC4A30B1C94AE9400ADEDA7 /* WeatherDetailsHeaderView.swift in Sources */,
				EFC4A30D1C94D56300ADEDA7 /* TodayForecastDataSource.swift in Sources */,
				EF3B0F581C9C869000CD5F83 /* AddCityViewController.swift in Sources */,
				EF38B0801C9C68D5005B29CD /* UIView+Extensions.swift in Sources */,
				EF38B0711C9B5C29005B29CD /* Fonts.swift in Sources */,
				EFFAD7471C9CB34E002F9399 /* WeatherPageViewController.swift in Sources */,
				EFFAD7361C9CB32D002F9399 /* BaseCollectionViewCell.swift in Sources */,
				EF4250361C9332480076DC70 /* Images.swift in Sources */,
				EFFAD73F1C9CB32D002F9399 /* AnimatedTurbineView.swift in Sources */,
				EF4250321C93266D0076DC70 /* WeatherCardTableViewDataSource.swift in Sources */,
				EFFAD73C1C9CB32D002F9399 /* City.swift in Sources */,
				EFFAD7461C9CB34E002F9399 /* WeatherPageDatasource.swift in Sources */,
				EF38B07E1C9C68D5005B29CD /* UILabel+Extensions.swift in Sources */,
				EF42502E1C931E9D0076DC70 /* WeatherCardTableViewCell.swift in Sources */,
				EFFAD7401C9CB32D002F9399 /* WindDirectionView.swift in Sources */,
				EFC4A3181C95BE7800ADEDA7 /* DailyOverviewDataSource.swift in Sources */,
				EFC4A3101C94DD0E00ADEDA7 /* TodayForecastCollectionViewCell.swift in Sources */,
				EF4250291C92277E0076DC70 /* HomeViewController.swift in Sources */,
				EF38B07B1C9C68D5005B29CD /* NSDate+Extensions.swift in Sources */,
				EFFAD7371C9CB32D002F9399 /* BaseTableViewCell.swift in Sources */,
				EF38B07F1C9C68D5005B29CD /* UIScrollView+Extensions.swift in Sources */,
			);
			runOnlyForDeploymentPostprocessing = 0;
		};
/* End PBXSourcesBuildPhase section */

/* Begin PBXTargetDependency section */
		EF42504B1C9397480076DC70 /* PBXTargetDependency */ = {
			isa = PBXTargetDependency;
			target = EF73FDB61C62A2540075D168 /* Weather Alert */;
			targetProxy = EF42504A1C9397480076DC70 /* PBXContainerItemProxy */;
		};
		EF75CFCF1C9CA25300436843 /* PBXTargetDependency */ = {
			isa = PBXTargetDependency;
			name = "Pods-Weather Alert";
			targetProxy = EF75CFCE1C9CA25300436843 /* PBXContainerItemProxy */;
		};
/* End PBXTargetDependency section */

/* Begin PBXVariantGroup section */
		EF0570D71C791CDC00B1D105 /* LaunchScreen.storyboard */ = {
			isa = PBXVariantGroup;
			children = (
				EF0570D81C791CDC00B1D105 /* Base */,
			);
			name = LaunchScreen.storyboard;
			sourceTree = "<group>";
		};
/* End PBXVariantGroup section */

/* Begin XCBuildConfiguration section */
		EF42504D1C9397480076DC70 /* Local */ = {
			isa = XCBuildConfiguration;
			buildSettings = {
				ALWAYS_SEARCH_USER_PATHS = NO;
				BUNDLE_LOADER = "$(TEST_HOST)";
				CLANG_CXX_LANGUAGE_STANDARD = "gnu++0x";
				CLANG_CXX_LIBRARY = "libc++";
				CLANG_ENABLE_MODULES = YES;
				CLANG_ENABLE_OBJC_ARC = YES;
				CLANG_WARN_BOOL_CONVERSION = YES;
				CLANG_WARN_CONSTANT_CONVERSION = YES;
				CLANG_WARN_DIRECT_OBJC_ISA_USAGE = YES_ERROR;
				CLANG_WARN_EMPTY_BODY = YES;
				CLANG_WARN_ENUM_CONVERSION = YES;
				CLANG_WARN_INT_CONVERSION = YES;
				CLANG_WARN_OBJC_ROOT_CLASS = YES_ERROR;
				CLANG_WARN_UNREACHABLE_CODE = YES;
				CLANG_WARN__DUPLICATE_METHOD_MATCH = YES;
				"CODE_SIGN_IDENTITY[sdk=iphoneos*]" = "iPhone Developer";
				COPY_PHASE_STRIP = NO;
				DEBUG_INFORMATION_FORMAT = dwarf;
				ENABLE_STRICT_OBJC_MSGSEND = YES;
				ENABLE_TESTABILITY = YES;
				GCC_C_LANGUAGE_STANDARD = gnu99;
				GCC_DYNAMIC_NO_PIC = NO;
				GCC_NO_COMMON_BLOCKS = YES;
				GCC_OPTIMIZATION_LEVEL = 0;
				GCC_PREPROCESSOR_DEFINITIONS = (
					"DEBUG=1",
					"$(inherited)",
				);
				GCC_WARN_64_TO_32_BIT_CONVERSION = YES;
				GCC_WARN_ABOUT_RETURN_TYPE = YES_ERROR;
				GCC_WARN_UNDECLARED_SELECTOR = YES;
				GCC_WARN_UNINITIALIZED_AUTOS = YES_AGGRESSIVE;
				GCC_WARN_UNUSED_FUNCTION = YES;
				GCC_WARN_UNUSED_VARIABLE = YES;
				INFOPLIST_FILE = "Weather Alert Tests/Info.plist";
				IPHONEOS_DEPLOYMENT_TARGET = 9.2;
				LD_RUNPATH_SEARCH_PATHS = "$(inherited) @executable_path/Frameworks @loader_path/Frameworks";
				MTL_ENABLE_DEBUG_INFO = YES;
				ONLY_ACTIVE_ARCH = YES;
				PRODUCT_BUNDLE_IDENTIFIER = "com.justjoey.Weather-Alert-Tests";
				PRODUCT_NAME = "$(TARGET_NAME)";
				SDKROOT = iphoneos;
				SWIFT_OPTIMIZATION_LEVEL = "-Onone";
				TEST_HOST = "$(BUILT_PRODUCTS_DIR)/Weather Alert.app/Weather Alert";
			};
			name = Local;
		};
		EF42504E1C9397480076DC70 /* Staging */ = {
			isa = XCBuildConfiguration;
			buildSettings = {
				BUNDLE_LOADER = "$(TEST_HOST)";
				INFOPLIST_FILE = "Weather Alert Tests/Info.plist";
				LD_RUNPATH_SEARCH_PATHS = "$(inherited) @executable_path/Frameworks @loader_path/Frameworks";
				PRODUCT_BUNDLE_IDENTIFIER = "com.justjoey.Weather-Alert-Tests";
				PRODUCT_NAME = "$(TARGET_NAME)";
				TEST_HOST = "$(BUILT_PRODUCTS_DIR)/Weather Alert.app/Weather Alert";
			};
			name = Staging;
		};
		EF42504F1C9397480076DC70 /* Release */ = {
			isa = XCBuildConfiguration;
			buildSettings = {
				BUNDLE_LOADER = "$(TEST_HOST)";
				INFOPLIST_FILE = "Weather Alert Tests/Info.plist";
				LD_RUNPATH_SEARCH_PATHS = "$(inherited) @executable_path/Frameworks @loader_path/Frameworks";
				PRODUCT_BUNDLE_IDENTIFIER = "com.justjoey.Weather-Alert-Tests";
				PRODUCT_NAME = "$(TARGET_NAME)";
				TEST_HOST = "$(BUILT_PRODUCTS_DIR)/Weather Alert.app/Weather Alert";
			};
			name = Release;
		};
		EF4250501C9397480076DC70 /* Production */ = {
			isa = XCBuildConfiguration;
			buildSettings = {
				BUNDLE_LOADER = "$(TEST_HOST)";
				INFOPLIST_FILE = "Weather Alert Tests/Info.plist";
				LD_RUNPATH_SEARCH_PATHS = "$(inherited) @executable_path/Frameworks @loader_path/Frameworks";
				PRODUCT_BUNDLE_IDENTIFIER = "com.justjoey.Weather-Alert-Tests";
				PRODUCT_NAME = "$(TARGET_NAME)";
				TEST_HOST = "$(BUILT_PRODUCTS_DIR)/Weather Alert.app/Weather Alert";
			};
			name = Production;
		};
		EF73FDC71C62A2540075D168 /* Local */ = {
			isa = XCBuildConfiguration;
			baseConfigurationReference = EF0570CB1C791CDC00B1D105 /* Local.xcconfig */;
			buildSettings = {
				ALWAYS_SEARCH_USER_PATHS = NO;
				CLANG_CXX_LANGUAGE_STANDARD = "gnu++0x";
				CLANG_CXX_LIBRARY = "libc++";
				CLANG_ENABLE_MODULES = YES;
				CLANG_ENABLE_OBJC_ARC = YES;
				CLANG_WARN_BOOL_CONVERSION = YES;
				CLANG_WARN_CONSTANT_CONVERSION = YES;
				CLANG_WARN_DIRECT_OBJC_ISA_USAGE = YES_ERROR;
				CLANG_WARN_EMPTY_BODY = YES;
				CLANG_WARN_ENUM_CONVERSION = YES;
				CLANG_WARN_INT_CONVERSION = YES;
				CLANG_WARN_OBJC_ROOT_CLASS = YES_ERROR;
				CLANG_WARN_UNREACHABLE_CODE = YES;
				CLANG_WARN__DUPLICATE_METHOD_MATCH = YES;
				"CODE_SIGN_IDENTITY[sdk=iphoneos*]" = "iPhone Developer";
				COPY_PHASE_STRIP = NO;
				DEBUG_INFORMATION_FORMAT = dwarf;
				ENABLE_STRICT_OBJC_MSGSEND = YES;
				ENABLE_TESTABILITY = YES;
				GCC_C_LANGUAGE_STANDARD = gnu99;
				GCC_DYNAMIC_NO_PIC = NO;
				GCC_NO_COMMON_BLOCKS = YES;
				GCC_OPTIMIZATION_LEVEL = 0;
				GCC_PREPROCESSOR_DEFINITIONS = (
					"DEBUG=1",
					"$(inherited)",
				);
				GCC_WARN_64_TO_32_BIT_CONVERSION = YES;
				GCC_WARN_ABOUT_RETURN_TYPE = YES_ERROR;
				GCC_WARN_UNDECLARED_SELECTOR = YES;
				GCC_WARN_UNINITIALIZED_AUTOS = YES_AGGRESSIVE;
				GCC_WARN_UNUSED_FUNCTION = YES;
				GCC_WARN_UNUSED_VARIABLE = YES;
				IPHONEOS_DEPLOYMENT_TARGET = 9.2;
				MTL_ENABLE_DEBUG_INFO = YES;
				ONLY_ACTIVE_ARCH = YES;
				SDKROOT = iphoneos;
				SWIFT_OPTIMIZATION_LEVEL = "-Onone";
				TARGETED_DEVICE_FAMILY = "1,2";
			};
			name = Local;
		};
		EF73FDC81C62A2540075D168 /* Release */ = {
			isa = XCBuildConfiguration;
			baseConfigurationReference = EF0570D31C791CDC00B1D105 /* Release.xcconfig */;
			buildSettings = {
				ALWAYS_SEARCH_USER_PATHS = NO;
				CLANG_CXX_LANGUAGE_STANDARD = "gnu++0x";
				CLANG_CXX_LIBRARY = "libc++";
				CLANG_ENABLE_MODULES = YES;
				CLANG_ENABLE_OBJC_ARC = YES;
				CLANG_WARN_BOOL_CONVERSION = YES;
				CLANG_WARN_CONSTANT_CONVERSION = YES;
				CLANG_WARN_DIRECT_OBJC_ISA_USAGE = YES_ERROR;
				CLANG_WARN_EMPTY_BODY = YES;
				CLANG_WARN_ENUM_CONVERSION = YES;
				CLANG_WARN_INT_CONVERSION = YES;
				CLANG_WARN_OBJC_ROOT_CLASS = YES_ERROR;
				CLANG_WARN_UNREACHABLE_CODE = YES;
				CLANG_WARN__DUPLICATE_METHOD_MATCH = YES;
				"CODE_SIGN_IDENTITY[sdk=iphoneos*]" = "iPhone Developer";
				COPY_PHASE_STRIP = NO;
				DEBUG_INFORMATION_FORMAT = "dwarf-with-dsym";
				ENABLE_NS_ASSERTIONS = NO;
				ENABLE_STRICT_OBJC_MSGSEND = YES;
				GCC_C_LANGUAGE_STANDARD = gnu99;
				GCC_NO_COMMON_BLOCKS = YES;
				GCC_WARN_64_TO_32_BIT_CONVERSION = YES;
				GCC_WARN_ABOUT_RETURN_TYPE = YES_ERROR;
				GCC_WARN_UNDECLARED_SELECTOR = YES;
				GCC_WARN_UNINITIALIZED_AUTOS = YES_AGGRESSIVE;
				GCC_WARN_UNUSED_FUNCTION = YES;
				GCC_WARN_UNUSED_VARIABLE = YES;
				IPHONEOS_DEPLOYMENT_TARGET = 9.2;
				MTL_ENABLE_DEBUG_INFO = NO;
				SDKROOT = iphoneos;
				TARGETED_DEVICE_FAMILY = "1,2";
				VALIDATE_PRODUCT = YES;
			};
			name = Release;
		};
		EF73FDCA1C62A2540075D168 /* Local */ = {
			isa = XCBuildConfiguration;
			baseConfigurationReference = EF0570CB1C791CDC00B1D105 /* Local.xcconfig */;
			buildSettings = {
				ASSETCATALOG_COMPILER_APPICON_NAME = AppIcon;
				DEFINES_MODULE = YES;
				ENABLE_BITCODE = NO;
				FRAMEWORK_SEARCH_PATHS = (
					"$(inherited)",
					"$(PROJECT_DIR)/Carthage/Build/iOS",
					"$(PROJECT_DIR)",
				);
				HEADER_SEARCH_PATHS = "$(inherited)";
				INFOPLIST_FILE = "$(SRCROOT)/Weather Alert/Configuration/Plist/Info.plist";
				LD_RUNPATH_SEARCH_PATHS = "$(inherited) @executable_path/Frameworks";
				LIBRARY_SEARCH_PATHS = "$(inherited)";
				ONLY_ACTIVE_ARCH = YES;
				OTHER_LDFLAGS = "$(inherited)";
				PRODUCT_BUNDLE_IDENTIFIER = com.justjoey.weatheralert;
				PRODUCT_NAME = "Weather Alert";
				TARGETED_DEVICE_FAMILY = "1,2";
				VALID_ARCHS = "armv7 armv7s arm64";
			};
			name = Local;
		};
		EF73FDCB1C62A2540075D168 /* Release */ = {
			isa = XCBuildConfiguration;
			baseConfigurationReference = EF0570D31C791CDC00B1D105 /* Release.xcconfig */;
			buildSettings = {
				ASSETCATALOG_COMPILER_APPICON_NAME = AppIcon;
				DEFINES_MODULE = YES;
				ENABLE_BITCODE = NO;
				ENABLE_TESTABILITY = YES;
				FRAMEWORK_SEARCH_PATHS = (
					"$(inherited)",
					"$(PROJECT_DIR)/Carthage/Build/iOS",
					"$(PROJECT_DIR)",
				);
				HEADER_SEARCH_PATHS = "$(inherited)";
				INFOPLIST_FILE = "$(SRCROOT)/Weather Alert/Configuration/Plist/Info.plist";
				LD_RUNPATH_SEARCH_PATHS = "$(inherited) @executable_path/Frameworks";
				LIBRARY_SEARCH_PATHS = "$(inherited)";
				ONLY_ACTIVE_ARCH = NO;
				OTHER_LDFLAGS = "$(inherited)";
				PRODUCT_BUNDLE_IDENTIFIER = com.justjoey.weatheralert;
				PRODUCT_NAME = "Weather Alert";
				TARGETED_DEVICE_FAMILY = "1,2";
				VALID_ARCHS = "armv7 armv7s arm64";
			};
			name = Release;
		};
		EFBB59721C62B137004DB1C7 /* Staging */ = {
			isa = XCBuildConfiguration;
			baseConfigurationReference = EF0570D41C791CDC00B1D105 /* Staging.xcconfig */;
			buildSettings = {
				ALWAYS_SEARCH_USER_PATHS = NO;
				CLANG_CXX_LANGUAGE_STANDARD = "gnu++0x";
				CLANG_CXX_LIBRARY = "libc++";
				CLANG_ENABLE_MODULES = YES;
				CLANG_ENABLE_OBJC_ARC = YES;
				CLANG_WARN_BOOL_CONVERSION = YES;
				CLANG_WARN_CONSTANT_CONVERSION = YES;
				CLANG_WARN_DIRECT_OBJC_ISA_USAGE = YES_ERROR;
				CLANG_WARN_EMPTY_BODY = YES;
				CLANG_WARN_ENUM_CONVERSION = YES;
				CLANG_WARN_INT_CONVERSION = YES;
				CLANG_WARN_OBJC_ROOT_CLASS = YES_ERROR;
				CLANG_WARN_UNREACHABLE_CODE = YES;
				CLANG_WARN__DUPLICATE_METHOD_MATCH = YES;
				"CODE_SIGN_IDENTITY[sdk=iphoneos*]" = "iPhone Developer";
				COPY_PHASE_STRIP = NO;
				DEBUG_INFORMATION_FORMAT = dwarf;
				ENABLE_STRICT_OBJC_MSGSEND = YES;
				ENABLE_TESTABILITY = YES;
				GCC_C_LANGUAGE_STANDARD = gnu99;
				GCC_DYNAMIC_NO_PIC = NO;
				GCC_NO_COMMON_BLOCKS = YES;
				GCC_OPTIMIZATION_LEVEL = 0;
				GCC_PREPROCESSOR_DEFINITIONS = (
					"DEBUG=1",
					"$(inherited)",
				);
				GCC_WARN_64_TO_32_BIT_CONVERSION = YES;
				GCC_WARN_ABOUT_RETURN_TYPE = YES_ERROR;
				GCC_WARN_UNDECLARED_SELECTOR = YES;
				GCC_WARN_UNINITIALIZED_AUTOS = YES_AGGRESSIVE;
				GCC_WARN_UNUSED_FUNCTION = YES;
				GCC_WARN_UNUSED_VARIABLE = YES;
				IPHONEOS_DEPLOYMENT_TARGET = 9.2;
				MTL_ENABLE_DEBUG_INFO = YES;
				ONLY_ACTIVE_ARCH = YES;
				SDKROOT = iphoneos;
				SWIFT_OPTIMIZATION_LEVEL = "-Onone";
				TARGETED_DEVICE_FAMILY = "1,2";
			};
			name = Staging;
		};
		EFBB59731C62B137004DB1C7 /* Staging */ = {
			isa = XCBuildConfiguration;
			baseConfigurationReference = EF0570D41C791CDC00B1D105 /* Staging.xcconfig */;
			buildSettings = {
				ASSETCATALOG_COMPILER_APPICON_NAME = AppIcon;
				DEFINES_MODULE = YES;
				ENABLE_BITCODE = NO;
				FRAMEWORK_SEARCH_PATHS = (
					"$(inherited)",
					"$(PROJECT_DIR)/Carthage/Build/iOS",
					"$(PROJECT_DIR)",
				);
				HEADER_SEARCH_PATHS = "$(inherited)";
				INFOPLIST_FILE = "$(SRCROOT)/Weather Alert/Configuration/Plist/Info.plist";
				LD_RUNPATH_SEARCH_PATHS = "$(inherited) @executable_path/Frameworks";
				LIBRARY_SEARCH_PATHS = "$(inherited)";
				ONLY_ACTIVE_ARCH = YES;
				OTHER_LDFLAGS = "$(inherited)";
				PRODUCT_BUNDLE_IDENTIFIER = com.justjoey.weatheralert;
				PRODUCT_NAME = "Weather Alert";
				TARGETED_DEVICE_FAMILY = "1,2";
				VALID_ARCHS = "armv7 armv7s arm64";
			};
			name = Staging;
		};
		EFBB59761C62B146004DB1C7 /* Production */ = {
			isa = XCBuildConfiguration;
			baseConfigurationReference = EF0570D21C791CDC00B1D105 /* Production.xcconfig */;
			buildSettings = {
				ALWAYS_SEARCH_USER_PATHS = NO;
				CLANG_CXX_LANGUAGE_STANDARD = "gnu++0x";
				CLANG_CXX_LIBRARY = "libc++";
				CLANG_ENABLE_MODULES = YES;
				CLANG_ENABLE_OBJC_ARC = YES;
				CLANG_WARN_BOOL_CONVERSION = YES;
				CLANG_WARN_CONSTANT_CONVERSION = YES;
				CLANG_WARN_DIRECT_OBJC_ISA_USAGE = YES_ERROR;
				CLANG_WARN_EMPTY_BODY = YES;
				CLANG_WARN_ENUM_CONVERSION = YES;
				CLANG_WARN_INT_CONVERSION = YES;
				CLANG_WARN_OBJC_ROOT_CLASS = YES_ERROR;
				CLANG_WARN_UNREACHABLE_CODE = YES;
				CLANG_WARN__DUPLICATE_METHOD_MATCH = YES;
				"CODE_SIGN_IDENTITY[sdk=iphoneos*]" = "iPhone Developer";
				COPY_PHASE_STRIP = NO;
				DEBUG_INFORMATION_FORMAT = "dwarf-with-dsym";
				ENABLE_NS_ASSERTIONS = NO;
				ENABLE_STRICT_OBJC_MSGSEND = YES;
				GCC_C_LANGUAGE_STANDARD = gnu99;
				GCC_NO_COMMON_BLOCKS = YES;
				GCC_WARN_64_TO_32_BIT_CONVERSION = YES;
				GCC_WARN_ABOUT_RETURN_TYPE = YES_ERROR;
				GCC_WARN_UNDECLARED_SELECTOR = YES;
				GCC_WARN_UNINITIALIZED_AUTOS = YES_AGGRESSIVE;
				GCC_WARN_UNUSED_FUNCTION = YES;
				GCC_WARN_UNUSED_VARIABLE = YES;
				IPHONEOS_DEPLOYMENT_TARGET = 9.2;
				MTL_ENABLE_DEBUG_INFO = NO;
				SDKROOT = iphoneos;
				TARGETED_DEVICE_FAMILY = "1,2";
				VALIDATE_PRODUCT = YES;
			};
			name = Production;
		};
		EFBB59771C62B146004DB1C7 /* Production */ = {
			isa = XCBuildConfiguration;
			baseConfigurationReference = EF0570D21C791CDC00B1D105 /* Production.xcconfig */;
			buildSettings = {
				ASSETCATALOG_COMPILER_APPICON_NAME = AppIcon;
				DEFINES_MODULE = YES;
				ENABLE_BITCODE = NO;
				ENABLE_TESTABILITY = YES;
				FRAMEWORK_SEARCH_PATHS = (
					"$(inherited)",
					"$(PROJECT_DIR)/Carthage/Build/iOS",
					"$(PROJECT_DIR)",
				);
				HEADER_SEARCH_PATHS = "$(inherited)";
				INFOPLIST_FILE = "$(SRCROOT)/Weather Alert/Configuration/Plist/Info.plist";
				LD_RUNPATH_SEARCH_PATHS = "$(inherited) @executable_path/Frameworks";
				LIBRARY_SEARCH_PATHS = "$(inherited)";
				ONLY_ACTIVE_ARCH = NO;
				OTHER_LDFLAGS = "$(inherited)";
				PRODUCT_BUNDLE_IDENTIFIER = com.justjoey.weatheralert;
				PRODUCT_NAME = "Weather Alert";
				TARGETED_DEVICE_FAMILY = "1,2";
				VALID_ARCHS = "armv7 armv7s arm64";
			};
			name = Production;
		};
/* End XCBuildConfiguration section */

/* Begin XCConfigurationList section */
		EF42504C1C9397480076DC70 /* Build configuration list for PBXNativeTarget "Weather Alert Tests" */ = {
			isa = XCConfigurationList;
			buildConfigurations = (
				EF42504D1C9397480076DC70 /* Local */,
				EF42504E1C9397480076DC70 /* Staging */,
				EF42504F1C9397480076DC70 /* Release */,
				EF4250501C9397480076DC70 /* Production */,
			);
			defaultConfigurationIsVisible = 0;
			defaultConfigurationName = Release;
		};
		EF73FDB21C62A2540075D168 /* Build configuration list for PBXProject "Weather Alert" */ = {
			isa = XCConfigurationList;
			buildConfigurations = (
				EF73FDC71C62A2540075D168 /* Local */,
				EFBB59721C62B137004DB1C7 /* Staging */,
				EF73FDC81C62A2540075D168 /* Release */,
				EFBB59761C62B146004DB1C7 /* Production */,
			);
			defaultConfigurationIsVisible = 0;
			defaultConfigurationName = Release;
		};
		EF73FDC91C62A2540075D168 /* Build configuration list for PBXNativeTarget "Weather Alert" */ = {
			isa = XCConfigurationList;
			buildConfigurations = (
				EF73FDCA1C62A2540075D168 /* Local */,
				EFBB59731C62B137004DB1C7 /* Staging */,
				EF73FDCB1C62A2540075D168 /* Release */,
				EFBB59771C62B146004DB1C7 /* Production */,
			);
			defaultConfigurationIsVisible = 0;
			defaultConfigurationName = Release;
		};
/* End XCConfigurationList section */
	};
	rootObject = EF73FDAF1C62A2540075D168 /* Project object */;
}
